// !$*UTF8*$!
{
	archiveVersion = 1;
	classes = {
	};
	objectVersion = 46;
	objects = {

/* Begin PBXBuildFile section */
		FF8DDE2E1C0D376200667DBE /* main.m in Sources */ = {isa = PBXBuildFile; fileRef = FF8DDE2D1C0D376200667DBE /* main.m */; };
		FF8DDE311C0D376200667DBE /* AppDelegate.m in Sources */ = {isa = PBXBuildFile; fileRef = FF8DDE301C0D376200667DBE /* AppDelegate.m */; };
		FF8DDE341C0D376200667DBE /* ViewController.m in Sources */ = {isa = PBXBuildFile; fileRef = FF8DDE331C0D376200667DBE /* ViewController.m */; };
		FF8DDE371C0D376200667DBE /* Main.storyboard in Resources */ = {isa = PBXBuildFile; fileRef = FF8DDE351C0D376200667DBE /* Main.storyboard */; };
		FF8DDE391C0D376200667DBE /* Assets.xcassets in Resources */ = {isa = PBXBuildFile; fileRef = FF8DDE381C0D376200667DBE /* Assets.xcassets */; };
		FF8DDE3C1C0D376200667DBE /* LaunchScreen.storyboard in Resources */ = {isa = PBXBuildFile; fileRef = FF8DDE3A1C0D376200667DBE /* LaunchScreen.storyboard */; };
/* End PBXBuildFile section */

/* Begin PBXFileReference section */
		FF8DDE291C0D376200667DBE /* testGit.app */ = {isa = PBXFileReference; explicitFileType = wrapper.application; includeInIndex = 0; path = testGit.app; sourceTree = BUILT_PRODUCTS_DIR; };
		FF8DDE2D1C0D376200667DBE /* main.m */ = {isa = PBXFileReference; lastKnownFileType = sourcecode.c.objc; path = main.m; sourceTree = "<group>"; };
		FF8DDE2F1C0D376200667DBE /* AppDelegate.h */ = {isa = PBXFileReference; lastKnownFileType = sourcecode.c.h; path = AppDelegate.h; sourceTree = "<group>"; };
		FF8DDE301C0D376200667DBE /* AppDelegate.m */ = {isa = PBXFileReference; lastKnownFileType = sourcecode.c.objc; path = AppDelegate.m; sourceTree = "<group>"; };
		FF8DDE321C0D376200667DBE /* ViewController.h */ = {isa = PBXFileReference; lastKnownFileType = sourcecode.c.h; path = ViewController.h; sourceTree = "<group>"; };
		FF8DDE331C0D376200667DBE /* ViewController.m */ = {isa = PBXFileReference; lastKnownFileType = sourcecode.c.objc; path = ViewController.m; sourceTree = "<group>"; };
		FF8DDE361C0D376200667DBE /* Base */ = {isa = PBXFileReference; lastKnownFileType = file.storyboard; name = Base; path = Base.lproj/Main.storyboard; sourceTree = "<group>"; };
		FF8DDE381C0D376200667DBE /* Assets.xcassets */ = {isa = PBXFileReference; lastKnownFileType = folder.assetcatalog; path = Assets.xcassets; sourceTree = "<group>"; };
		FF8DDE3B1C0D376200667DBE /* Base */ = {isa = PBXFileReference; lastKnownFileType = file.storyboard; name = Base; path = Base.lproj/LaunchScreen.storyboard; sourceTree = "<group>"; };
		FF8DDE3D1C0D376200667DBE /* Info.plist */ = {isa = PBXFileReference; lastKnownFileType = text.plist.xml; path = Info.plist; sourceTree = "<group>"; };
/* End PBXFileReference section */

/* Begin PBXFrameworksBuildPhase section */
		FF8DDE261C0D376200667DBE /* Frameworks */ = {
			isa = PBXFrameworksBuildPhase;
			buildActionMask = 2147483647;
			files = (
			);
			runOnlyForDeploymentPostprocessing = 0;
		};
/* End PBXFrameworksBuildPhase section */

/* Begin PBXGroup section */
		FF8DDE201C0D376200667DBE = {
			isa = PBXGroup;
			children = (
				FF8DDE2B1C0D376200667DBE /* testGit */,
				FF8DDE2A1C0D376200667DBE /* Products */,
			);
			sourceTree = "<group>";
		};
		FF8DDE2A1C0D376200667DBE /* Products */ = {
			isa = PBXGroup;
			children = (
				FF8DDE291C0D376200667DBE /* testGit.app */,
			);
			name = Products;
			sourceTree = "<group>";
		};
		FF8DDE2B1C0D376200667DBE /* testGit */ = {
			isa = PBXGroup;
			children = (
				FF8DDE2F1C0D376200667DBE /* AppDelegate.h */,
				FF8DDE301C0D376200667DBE /* AppDelegate.m */,
				FF8DDE321C0D376200667DBE /* ViewController.h */,
				FF8DDE331C0D376200667DBE /* ViewController.m */,
				FF8DDE351C0D376200667DBE /* Main.storyboard */,
				FF8DDE381C0D376200667DBE /* Assets.xcassets */,
				FF8DDE3A1C0D376200667DBE /* LaunchScreen.storyboard */,
				FF8DDE3D1C0D376200667DBE /* Info.plist */,
				FF8DDE2C1C0D376200667DBE /* Supporting Files */,
			);
			path = testGit;
			sourceTree = "<group>";
		};
		FF8DDE2C1C0D376200667DBE /* Supporting Files */ = {
			isa = PBXGroup;
			children = (
				FF8DDE2D1C0D376200667DBE /* main.m */,
			);
			name = "Supporting Files";
			sourceTree = "<group>";
		};
/* End PBXGroup section */

/* Begin PBXNativeTarget section */
		FF8DDE281C0D376200667DBE /* testGit */ = {
			isa = PBXNativeTarget;
			buildConfigurationList = FF8DDE401C0D376200667DBE /* Build configuration list for PBXNativeTarget "testGit" */;
			buildPhases = (
				FF8DDE251C0D376200667DBE /* Sources */,
				FF8DDE261C0D376200667DBE /* Frameworks */,
				FF8DDE271C0D376200667DBE /* Resources */,
			);
			buildRules = (
			);
			dependencies = (
			);
			name = testGit;
			productName = testGit;
			productReference = FF8DDE291C0D376200667DBE /* testGit.app */;
			productType = "com.apple.product-type.application";
		};
/* End PBXNativeTarget section */

/* Begin PBXProject section */
		FF8DDE211C0D376200667DBE /* Project object */ = {
			isa = PBXProject;
			attributes = {
				LastUpgradeCheck = 0710;
				ORGANIZATIONNAME = tarena05_02;
				TargetAttributes = {
					FF8DDE281C0D376200667DBE = {
						CreatedOnToolsVersion = 7.1;
					};
				};
			};
			buildConfigurationList = FF8DDE241C0D376200667DBE /* Build configuration list for PBXProject "testGit" */;
			compatibilityVersion = "Xcode 3.2";
			developmentRegion = English;
			hasScannedForEncodings = 0;
			knownRegions = (
				en,
				Base,
			);
			mainGroup = FF8DDE201C0D376200667DBE;
			productRefGroup = FF8DDE2A1C0D376200667DBE /* Products */;
			projectDirPath = "";
			projectRoot = "";
			targets = (
				FF8DDE281C0D376200667DBE /* testGit */,
			);
		};
/* End PBXProject section */

/* Begin PBXResourcesBuildPhase section */
		FF8DDE271C0D376200667DBE /* Resources */ = {
			isa = PBXResourcesBuildPhase;
			buildActionMask = 2147483647;
			files = (
				FF8DDE3C1C0D376200667DBE /* LaunchScreen.storyboard in Resources */,
				FF8DDE391C0D376200667DBE /* Assets.xcassets in Resources */,
				FF8DDE371C0D376200667DBE /* Main.storyboard in Resources */,
			);
			runOnlyForDeploymentPostprocessing = 0;
		};
/* End PBXResourcesBuildPhase section */

/* Begin PBXSourcesBuildPhase section */
		FF8DDE251C0D376200667DBE /* Sources */ = {
			isa = PBXSourcesBuildPhase;
			buildActionMask = 2147483647;
			files = (
				FF8DDE341C0D376200667DBE /* ViewController.m in Sources */,
				FF8DDE311C0D376200667DBE /* AppDelegate.m in Sources */,
				FF8DDE2E1C0D376200667DBE /* main.m in Sources */,
			);
			runOnlyForDeploymentPostprocessing = 0;
		};
/* End PBXSourcesBuildPhase section */

/* Begin PBXVariantGroup section */
		FF8DDE351C0D376200667DBE /* Main.storyboard */ = {
			isa = PBXVariantGroup;
			children = (
				FF8DDE361C0D376200667DBE /* Base */,
			);
			name = Main.storyboard;
			sourceTree = "<group>";
		};
		FF8DDE3A1C0D376200667DBE /* LaunchScreen.storyboard */ = {
			isa = PBXVariantGroup;
			children = (
				FF8DDE3B1C0D376200667DBE /* Base */,
			);
			name = LaunchScreen.storyboard;
			sourceTree = "<group>";
		};
/* End PBXVariantGroup section */

/* Begin XCBuildConfiguration section */
		FF8DDE3E1C0D376200667DBE /* Debug */ = {
			isa = XCBuildConfiguration;
			buildSettings = {
				ALWAYS_SEARCH_USER_PATHS = NO;
				CLANG_CXX_LANGUAGE_STANDARD = "gnu++0x";
				CLANG_CXX_LIBRARY = "libc++";
				CLANG_ENABLE_MODULES = YES;
				CLANG_ENABLE_OBJC_ARC = YES;
				CLANG_WARN_BOOL_CONVERSION = YES;
				CLANG_WARN_CONSTANT_CONVERSION = YES;
				CLANG_WARN_DIRECT_OBJC_ISA_USAGE = YES_ERROR;
				CLANG_WARN_EMPTY_BODY = YES;
				CLANG_WARN_ENUM_CONVERSION = YES;
				CLANG_WARN_INT_CONVERSION = YES;
				CLANG_WARN_OBJC_ROOT_CLASS = YES_ERROR;
				CLANG_WARN_UNREACHABLE_CODE = YES;
				CLANG_WARN__DUPLICATE_METHOD_MATCH = YES;
				"CODE_SIGN_IDENTITY[sdk=iphoneos*]" = "iPhone Developer";
				COPY_PHASE_STRIP = NO;
				DEBUG_INFORMATION_FORMAT = dwarf;
				ENABLE_STRICT_OBJC_MSGSEND = YES;
				ENABLE_TESTABILITY = YES;
				GCC_C_LANGUAGE_STANDARD = gnu99;
				GCC_DYNAMIC_NO_PIC = NO;
				GCC_NO_COMMON_BLOCKS = YES;
				GCC_OPTIMIZATION_LEVEL = 0;
				GCC_PREPROCESSOR_DEFINITIONS = (
					"DEBUG=1",
					"$(inherited)",
				);
				GCC_WARN_64_TO_32_BIT_CONVERSION = YES;
				GCC_WARN_ABOUT_RETURN_TYPE = YES_ERROR;
				GCC_WARN_UNDECLARED_SELECTOR = YES;
				GCC_WARN_UNINITIALIZED_AUTOS = YES_AGGRESSIVE;
				GCC_WARN_UNUSED_FUNCTION = YES;
				GCC_WARN_UNUSED_VARIABLE = YES;
				IPHONEOS_DEPLOYMENT_TARGET = 9.1;
				MTL_ENABLE_DEBUG_INFO = YES;
				ONLY_ACTIVE_ARCH = YES;
				SDKROOT = iphoneos;
			};
			name = Debug;
		};
		FF8DDE3F1C0D376200667DBE /* Release */ = {
			isa = XCBuildConfiguration;
			buildSettings = {
				ALWAYS_SEARCH_USER_PATHS = NO;
				CLANG_CXX_LANGUAGE_STANDARD = "gnu++0x";
				CLANG_CXX_LIBRARY = "libc++";
				CLANG_ENABLE_MODULES = YES;
				CLANG_ENABLE_OBJC_ARC = YES;
				CLANG_WARN_BOOL_CONVERSION = YES;
				CLANG_WARN_CONSTANT_CONVERSION = YES;
				CLANG_WARN_DIRECT_OBJC_ISA_USAGE = YES_ERROR;
				CLANG_WARN_EMPTY_BODY = YES;
				CLANG_WARN_ENUM_CONVERSION = YES;
				CLANG_WARN_INT_CONVERSION = YES;
				CLANG_WARN_OBJC_ROOT_CLASS = YES_ERROR;
				CLANG_WARN_UNREACHABLE_CODE = YES;
				CLANG_WARN__DUPLICATE_METHOD_MATCH = YES;
				"CODE_SIGN_IDENTITY[sdk=iphoneos*]" = "iPhone Developer";
				COPY_PHASE_STRIP = NO;
				DEBUG_INFORMATION_FORMAT = "dwarf-with-dsym";
				ENABLE_NS_ASSERTIONS = NO;
				ENABLE_STRICT_OBJC_MSGSEND = YES;
				GCC_C_LANGUAGE_STANDARD = gnu99;
				GCC_NO_COMMON_BLOCKS = YES;
				GCC_WARN_64_TO_32_BIT_CONVERSION = YES;
				GCC_WARN_ABOUT_RETURN_TYPE = YES_ERROR;
				GCC_WARN_UNDECLARED_SELECTOR = YES;
				GCC_WARN_UNINITIALIZED_AUTOS = YES_AGGRESSIVE;
				GCC_WARN_UNUSED_FUNCTION = YES;
				GCC_WARN_UNUSED_VARIABLE = YES;
				IPHONEOS_DEPLOYMENT_TARGET = 9.1;
				MTL_ENABLE_DEBUG_INFO = NO;
				SDKROOT = iphoneos;
				VALIDATE_PRODUCT = YES;
			};
			name = Release;
		};
		FF8DDE411C0D376200667DBE /* Debug */ = {
			isa = XCBuildConfiguration;
			buildSettings = {
				ASSETCATALOG_COMPILER_APPICON_NAME = AppIcon;
				INFOPLIST_FILE = testGit/Info.plist;
				LD_RUNPATH_SEARCH_PATHS = "$(inherited) @executable_path/Frameworks";
				PRODUCT_BUNDLE_IDENTIFIER = tiantian.testGit;
				PRODUCT_NAME = "$(TARGET_NAME)";
			};
			name = Debug;
		};
		FF8DDE421C0D376200667DBE /* Release */ = {
			isa = XCBuildConfiguration;
			buildSettings = {
				ASSETCATALOG_COMPILER_APPICON_NAME = AppIcon;
				INFOPLIST_FILE = testGit/Info.plist;
				LD_RUNPATH_SEARCH_PATHS = "$(inherited) @executable_path/Frameworks";
				PRODUCT_BUNDLE_IDENTIFIER = tiantian.testGit;
				PRODUCT_NAME = "$(TARGET_NAME)";
			};
			name = Release;
		};
/* End XCBuildConfiguration section */

/* Begin XCConfigurationList section */
		FF8DDE241C0D376200667DBE /* Build configuration list for PBXProject "testGit" */ = {
			isa = XCConfigurationList;
			buildConfigurations = (
				FF8DDE3E1C0D376200667DBE /* Debug */,
				FF8DDE3F1C0D376200667DBE /* Release */,
			);
			defaultConfigurationIsVisible = 0;
			defaultConfigurationName = Release;
		};
		FF8DDE401C0D376200667DBE /* Build configuration list for PBXNativeTarget "testGit" */ = {
			isa = XCConfigurationList;
			buildConfigurations = (
				FF8DDE411C0D376200667DBE /* Debug */,
				FF8DDE421C0D376200667DBE /* Release */,
			);
			defaultConfigurationIsVisible = 0;
		};
/* End XCConfigurationList section */
	};
	rootObject = FF8DDE211C0D376200667DBE /* Project object */;
}
